// !$*UTF8*$!
{
	archiveVersion = 1;
	classes = {
	};
	objectVersion = 55;
	objects = {

/* Begin PBXBuildFile section */
		A887780E2884960D00A57758 /* AppDelegate.swift in Sources */ = {isa = PBXBuildFile; fileRef = A887780D2884960D00A57758 /* AppDelegate.swift */; };
		A88778102884960D00A57758 /* SceneDelegate.swift in Sources */ = {isa = PBXBuildFile; fileRef = A887780F2884960D00A57758 /* SceneDelegate.swift */; };
		A88778122884960D00A57758 /* ViewController.swift in Sources */ = {isa = PBXBuildFile; fileRef = A88778112884960D00A57758 /* ViewController.swift */; };
		A88778152884960D00A57758 /* Main.storyboard in Resources */ = {isa = PBXBuildFile; fileRef = A88778132884960D00A57758 /* Main.storyboard */; };
		A88778172884961000A57758 /* Assets.xcassets in Resources */ = {isa = PBXBuildFile; fileRef = A88778162884961000A57758 /* Assets.xcassets */; };
		A887781A2884961000A57758 /* LaunchScreen.storyboard in Resources */ = {isa = PBXBuildFile; fileRef = A88778182884961000A57758 /* LaunchScreen.storyboard */; };
		A8877823288497B900A57758 /* Exercise.swift in Sources */ = {isa = PBXBuildFile; fileRef = A8877822288497B900A57758 /* Exercise.swift */; };
		A8877827288497DC00A57758 /* ExerciseCell.swift in Sources */ = {isa = PBXBuildFile; fileRef = A8877826288497DC00A57758 /* ExerciseCell.swift */; };
		A887782D2884A47C00A57758 /* Kingfisher in Frameworks */ = {isa = PBXBuildFile; productRef = A887782C2884A47C00A57758 /* Kingfisher */; };
		A887782F2884A69A00A57758 /* APIClient.swift in Sources */ = {isa = PBXBuildFile; fileRef = A887782E2884A69A00A57758 /* APIClient.swift */; };
		A88778312884A6CD00A57758 /* ExerciseResponse.swift in Sources */ = {isa = PBXBuildFile; fileRef = A88778302884A6CD00A57758 /* ExerciseResponse.swift */; };
/* End PBXBuildFile section */

/* Begin PBXFileReference section */
		A887780A2884960D00A57758 /* GymondoExercisesList.app */ = {isa = PBXFileReference; explicitFileType = wrapper.application; includeInIndex = 0; path = GymondoExercisesList.app; sourceTree = BUILT_PRODUCTS_DIR; };
		A887780D2884960D00A57758 /* AppDelegate.swift */ = {isa = PBXFileReference; lastKnownFileType = sourcecode.swift; path = AppDelegate.swift; sourceTree = "<group>"; };
		A887780F2884960D00A57758 /* SceneDelegate.swift */ = {isa = PBXFileReference; lastKnownFileType = sourcecode.swift; path = SceneDelegate.swift; sourceTree = "<group>"; };
		A88778112884960D00A57758 /* ViewController.swift */ = {isa = PBXFileReference; lastKnownFileType = sourcecode.swift; path = ViewController.swift; sourceTree = "<group>"; };
		A88778142884960D00A57758 /* Base */ = {isa = PBXFileReference; lastKnownFileType = file.storyboard; name = Base; path = Base.lproj/Main.storyboard; sourceTree = "<group>"; };
		A88778162884961000A57758 /* Assets.xcassets */ = {isa = PBXFileReference; lastKnownFileType = folder.assetcatalog; path = Assets.xcassets; sourceTree = "<group>"; };
		A88778192884961000A57758 /* Base */ = {isa = PBXFileReference; lastKnownFileType = file.storyboard; name = Base; path = Base.lproj/LaunchScreen.storyboard; sourceTree = "<group>"; };
		A887781B2884961000A57758 /* Info.plist */ = {isa = PBXFileReference; lastKnownFileType = text.plist.xml; path = Info.plist; sourceTree = "<group>"; };
		A8877822288497B900A57758 /* Exercise.swift */ = {isa = PBXFileReference; lastKnownFileType = sourcecode.swift; path = Exercise.swift; sourceTree = "<group>"; };
		A8877826288497DC00A57758 /* ExerciseCell.swift */ = {isa = PBXFileReference; lastKnownFileType = sourcecode.swift; path = ExerciseCell.swift; sourceTree = "<group>"; };
		A887782E2884A69A00A57758 /* APIClient.swift */ = {isa = PBXFileReference; lastKnownFileType = sourcecode.swift; path = APIClient.swift; sourceTree = "<group>"; };
		A88778302884A6CD00A57758 /* ExerciseResponse.swift */ = {isa = PBXFileReference; lastKnownFileType = sourcecode.swift; path = ExerciseResponse.swift; sourceTree = "<group>"; };
/* End PBXFileReference section */

/* Begin PBXFrameworksBuildPhase section */
		A88778072884960D00A57758 /* Frameworks */ = {
			isa = PBXFrameworksBuildPhase;
			buildActionMask = 2147483647;
			files = (
				A887782D2884A47C00A57758 /* Kingfisher in Frameworks */,
			);
			runOnlyForDeploymentPostprocessing = 0;
		};
/* End PBXFrameworksBuildPhase section */

/* Begin PBXGroup section */
		A88778012884960D00A57758 = {
			isa = PBXGroup;
			children = (
				A887780C2884960D00A57758 /* GymondoExercisesList */,
				A887780B2884960D00A57758 /* Products */,
			);
			sourceTree = "<group>";
		};
		A887780B2884960D00A57758 /* Products */ = {
			isa = PBXGroup;
			children = (
				A887780A2884960D00A57758 /* GymondoExercisesList.app */,
			);
			name = Products;
			sourceTree = "<group>";
		};
		A887780C2884960D00A57758 /* GymondoExercisesList */ = {
			isa = PBXGroup;
			children = (
				A8877824288497BE00A57758 /* Entity */,
				A8877821288496A900A57758 /* View */,
				A887780D2884960D00A57758 /* AppDelegate.swift */,
				A887780F2884960D00A57758 /* SceneDelegate.swift */,
				A88778112884960D00A57758 /* ViewController.swift */,
				A88778132884960D00A57758 /* Main.storyboard */,
				A88778162884961000A57758 /* Assets.xcassets */,
				A88778182884961000A57758 /* LaunchScreen.storyboard */,
				A887781B2884961000A57758 /* Info.plist */,
			);
			path = GymondoExercisesList;
			sourceTree = "<group>";
		};
		A8877821288496A900A57758 /* View */ = {
			isa = PBXGroup;
			children = (
				A8877825288497C800A57758 /* Cells */,
			);
			path = View;
			sourceTree = "<group>";
		};
		A8877824288497BE00A57758 /* Entity */ = {
			isa = PBXGroup;
			children = (
				A88778282884991800A57758 /* Repo */,
				A8877822288497B900A57758 /* Exercise.swift */,
				A88778302884A6CD00A57758 /* ExerciseResponse.swift */,
			);
			path = Entity;
			sourceTree = "<group>";
		};
		A8877825288497C800A57758 /* Cells */ = {
			isa = PBXGroup;
			children = (
				A8877826288497DC00A57758 /* ExerciseCell.swift */,
			);
			path = Cells;
			sourceTree = "<group>";
		};
		A88778282884991800A57758 /* Repo */ = {
			isa = PBXGroup;
			children = (
				A887782E2884A69A00A57758 /* APIClient.swift */,
			);
			path = Repo;
			sourceTree = "<group>";
		};
/* End PBXGroup section */

/* Begin PBXNativeTarget section */
		A88778092884960D00A57758 /* GymondoExercisesList */ = {
			isa = PBXNativeTarget;
			buildConfigurationList = A887781E2884961000A57758 /* Build configuration list for PBXNativeTarget "GymondoExercisesList" */;
			buildPhases = (
				A88778062884960D00A57758 /* Sources */,
				A88778072884960D00A57758 /* Frameworks */,
				A88778082884960D00A57758 /* Resources */,
			);
			buildRules = (
			);
			dependencies = (
			);
			name = GymondoExercisesList;
			packageProductDependencies = (
				A887782C2884A47C00A57758 /* Kingfisher */,
			);
			productName = GymondoExercisesList;
			productReference = A887780A2884960D00A57758 /* GymondoExercisesList.app */;
			productType = "com.apple.product-type.application";
		};
/* End PBXNativeTarget section */

/* Begin PBXProject section */
		A88778022884960D00A57758 /* Project object */ = {
			isa = PBXProject;
			attributes = {
				BuildIndependentTargetsInParallel = 1;
				LastSwiftUpdateCheck = 1320;
				LastUpgradeCheck = 1320;
				TargetAttributes = {
					A88778092884960D00A57758 = {
						CreatedOnToolsVersion = 13.2.1;
					};
				};
			};
			buildConfigurationList = A88778052884960D00A57758 /* Build configuration list for PBXProject "GymondoExercisesList" */;
			compatibilityVersion = "Xcode 13.0";
			developmentRegion = en;
			hasScannedForEncodings = 0;
			knownRegions = (
				en,
				Base,
			);
			mainGroup = A88778012884960D00A57758;
			packageReferences = (
				A887782B2884A47C00A57758 /* XCRemoteSwiftPackageReference "Kingfisher" */,
			);
			productRefGroup = A887780B2884960D00A57758 /* Products */;
			projectDirPath = "";
			projectRoot = "";
			targets = (
				A88778092884960D00A57758 /* GymondoExercisesList */,
			);
		};
/* End PBXProject section */

/* Begin PBXResourcesBuildPhase section */
		A88778082884960D00A57758 /* Resources */ = {
			isa = PBXResourcesBuildPhase;
			buildActionMask = 2147483647;
			files = (
				A887781A2884961000A57758 /* LaunchScreen.storyboard in Resources */,
				A88778172884961000A57758 /* Assets.xcassets in Resources */,
				A88778152884960D00A57758 /* Main.storyboard in Resources */,
			);
			runOnlyForDeploymentPostprocessing = 0;
		};
/* End PBXResourcesBuildPhase section */

/* Begin PBXSourcesBuildPhase section */
		A88778062884960D00A57758 /* Sources */ = {
			isa = PBXSourcesBuildPhase;
			buildActionMask = 2147483647;
			files = (
				A88778122884960D00A57758 /* ViewController.swift in Sources */,
				A8877823288497B900A57758 /* Exercise.swift in Sources */,
				A887780E2884960D00A57758 /* AppDelegate.swift in Sources */,
				A8877827288497DC00A57758 /* ExerciseCell.swift in Sources */,
				A88778102884960D00A57758 /* SceneDelegate.swift in Sources */,
				A887782F2884A69A00A57758 /* APIClient.swift in Sources */,
				A88778312884A6CD00A57758 /* ExerciseResponse.swift in Sources */,
			);
			runOnlyForDeploymentPostprocessing = 0;
		};
/* End PBXSourcesBuildPhase section */

/* Begin PBXVariantGroup section */
		A88778132884960D00A57758 /* Main.storyboard */ = {
			isa = PBXVariantGroup;
			children = (
				A88778142884960D00A57758 /* Base */,
			);
			name = Main.storyboard;
			sourceTree = "<group>";
		};
		A88778182884961000A57758 /* LaunchScreen.storyboard */ = {
			isa = PBXVariantGroup;
			children = (
				A88778192884961000A57758 /* Base */,
			);
			name = LaunchScreen.storyboard;
			sourceTree = "<group>";
		};
/* End PBXVariantGroup section */

/* Begin XCBuildConfiguration section */
		A887781C2884961000A57758 /* Debug */ = {
			isa = XCBuildConfiguration;
			buildSettings = {
				ALWAYS_SEARCH_USER_PATHS = NO;
				CLANG_ANALYZER_NONNULL = YES;
				CLANG_ANALYZER_NUMBER_OBJECT_CONVERSION = YES_AGGRESSIVE;
				CLANG_CXX_LANGUAGE_STANDARD = "gnu++17";
				CLANG_CXX_LIBRARY = "libc++";
				CLANG_ENABLE_MODULES = YES;
				CLANG_ENABLE_OBJC_ARC = YES;
				CLANG_ENABLE_OBJC_WEAK = YES;
				CLANG_WARN_BLOCK_CAPTURE_AUTORELEASING = YES;
				CLANG_WARN_BOOL_CONVERSION = YES;
				CLANG_WARN_COMMA = YES;
				CLANG_WARN_CONSTANT_CONVERSION = YES;
				CLANG_WARN_DEPRECATED_OBJC_IMPLEMENTATIONS = YES;
				CLANG_WARN_DIRECT_OBJC_ISA_USAGE = YES_ERROR;
				CLANG_WARN_DOCUMENTATION_COMMENTS = YES;
				CLANG_WARN_EMPTY_BODY = YES;
				CLANG_WARN_ENUM_CONVERSION = YES;
				CLANG_WARN_INFINITE_RECURSION = YES;
				CLANG_WARN_INT_CONVERSION = YES;
				CLANG_WARN_NON_LITERAL_NULL_CONVERSION = YES;
				CLANG_WARN_OBJC_IMPLICIT_RETAIN_SELF = YES;
				CLANG_WARN_OBJC_LITERAL_CONVERSION = YES;
				CLANG_WARN_OBJC_ROOT_CLASS = YES_ERROR;
				CLANG_WARN_QUOTED_INCLUDE_IN_FRAMEWORK_HEADER = YES;
				CLANG_WARN_RANGE_LOOP_ANALYSIS = YES;
				CLANG_WARN_STRICT_PROTOTYPES = YES;
				CLANG_WARN_SUSPICIOUS_MOVE = YES;
				CLANG_WARN_UNGUARDED_AVAILABILITY = YES_AGGRESSIVE;
				CLANG_WARN_UNREACHABLE_CODE = YES;
				CLANG_WARN__DUPLICATE_METHOD_MATCH = YES;
				COPY_PHASE_STRIP = NO;
				DEBUG_INFORMATION_FORMAT = dwarf;
				ENABLE_STRICT_OBJC_MSGSEND = YES;
				ENABLE_TESTABILITY = YES;
				GCC_C_LANGUAGE_STANDARD = gnu11;
				GCC_DYNAMIC_NO_PIC = NO;
				GCC_NO_COMMON_BLOCKS = YES;
				GCC_OPTIMIZATION_LEVEL = 0;
				GCC_PREPROCESSOR_DEFINITIONS = (
					"DEBUG=1",
					"$(inherited)",
				);
				GCC_WARN_64_TO_32_BIT_CONVERSION = YES;
				GCC_WARN_ABOUT_RETURN_TYPE = YES_ERROR;
				GCC_WARN_UNDECLARED_SELECTOR = YES;
				GCC_WARN_UNINITIALIZED_AUTOS = YES_AGGRESSIVE;
				GCC_WARN_UNUSED_FUNCTION = YES;
				GCC_WARN_UNUSED_VARIABLE = YES;
				IPHONEOS_DEPLOYMENT_TARGET = 14.0;
				MTL_ENABLE_DEBUG_INFO = INCLUDE_SOURCE;
				MTL_FAST_MATH = YES;
				ONLY_ACTIVE_ARCH = YES;
				SDKROOT = iphoneos;
				SWIFT_ACTIVE_COMPILATION_CONDITIONS = DEBUG;
				SWIFT_OPTIMIZATION_LEVEL = "-Onone";
			};
			name = Debug;
		};
		A887781D2884961000A57758 /* Release */ = {
			isa = XCBuildConfiguration;
			buildSettings = {
				ALWAYS_SEARCH_USER_PATHS = NO;
				CLANG_ANALYZER_NONNULL = YES;
				CLANG_ANALYZER_NUMBER_OBJECT_CONVERSION = YES_AGGRESSIVE;
				CLANG_CXX_LANGUAGE_STANDARD = "gnu++17";
				CLANG_CXX_LIBRARY = "libc++";
				CLANG_ENABLE_MODULES = YES;
				CLANG_ENABLE_OBJC_ARC = YES;
				CLANG_ENABLE_OBJC_WEAK = YES;
				CLANG_WARN_BLOCK_CAPTURE_AUTORELEASING = YES;
				CLANG_WARN_BOOL_CONVERSION = YES;
				CLANG_WARN_COMMA = YES;
				CLANG_WARN_CONSTANT_CONVERSION = YES;
				CLANG_WARN_DEPRECATED_OBJC_IMPLEMENTATIONS = YES;
				CLANG_WARN_DIRECT_OBJC_ISA_USAGE = YES_ERROR;
				CLANG_WARN_DOCUMENTATION_COMMENTS = YES;
				CLANG_WARN_EMPTY_BODY = YES;
				CLANG_WARN_ENUM_CONVERSION = YES;
				CLANG_WARN_INFINITE_RECURSION = YES;
				CLANG_WARN_INT_CONVERSION = YES;
				CLANG_WARN_NON_LITERAL_NULL_CONVERSION = YES;
				CLANG_WARN_OBJC_IMPLICIT_RETAIN_SELF = YES;
				CLANG_WARN_OBJC_LITERAL_CONVERSION = YES;
				CLANG_WARN_OBJC_ROOT_CLASS = YES_ERROR;
				CLANG_WARN_QUOTED_INCLUDE_IN_FRAMEWORK_HEADER = YES;
				CLANG_WARN_RANGE_LOOP_ANALYSIS = YES;
				CLANG_WARN_STRICT_PROTOTYPES = YES;
				CLANG_WARN_SUSPICIOUS_MOVE = YES;
				CLANG_WARN_UNGUARDED_AVAILABILITY = YES_AGGRESSIVE;
				CLANG_WARN_UNREACHABLE_CODE = YES;
				CLANG_WARN__DUPLICATE_METHOD_MATCH = YES;
				COPY_PHASE_STRIP = NO;
				DEBUG_INFORMATION_FORMAT = "dwarf-with-dsym";
				ENABLE_NS_ASSERTIONS = NO;
				ENABLE_STRICT_OBJC_MSGSEND = YES;
				GCC_C_LANGUAGE_STANDARD = gnu11;
				GCC_NO_COMMON_BLOCKS = YES;
				GCC_WARN_64_TO_32_BIT_CONVERSION = YES;
				GCC_WARN_ABOUT_RETURN_TYPE = YES_ERROR;
				GCC_WARN_UNDECLARED_SELECTOR = YES;
				GCC_WARN_UNINITIALIZED_AUTOS = YES_AGGRESSIVE;
				GCC_WARN_UNUSED_FUNCTION = YES;
				GCC_WARN_UNUSED_VARIABLE = YES;
				IPHONEOS_DEPLOYMENT_TARGET = 14.0;
				MTL_ENABLE_DEBUG_INFO = NO;
				MTL_FAST_MATH = YES;
				SDKROOT = iphoneos;
				SWIFT_COMPILATION_MODE = wholemodule;
				SWIFT_OPTIMIZATION_LEVEL = "-O";
				VALIDATE_PRODUCT = YES;
			};
			name = Release;
		};
		A887781F2884961000A57758 /* Debug */ = {
			isa = XCBuildConfiguration;
			buildSettings = {
				ASSETCATALOG_COMPILER_APPICON_NAME = AppIcon;
				ASSETCATALOG_COMPILER_GLOBAL_ACCENT_COLOR_NAME = AccentColor;
				CODE_SIGN_STYLE = Automatic;
				CURRENT_PROJECT_VERSION = 1;
				DEVELOPMENT_TEAM = 4264DKW9FH;
				GENERATE_INFOPLIST_FILE = YES;
				INFOPLIST_FILE = GymondoExercisesList/Info.plist;
				INFOPLIST_KEY_UIApplicationSupportsIndirectInputEvents = YES;
				INFOPLIST_KEY_UILaunchStoryboardName = LaunchScreen;
				INFOPLIST_KEY_UIMainStoryboardFile = Main;
				INFOPLIST_KEY_UISupportedInterfaceOrientations_iPad = "UIInterfaceOrientationPortrait UIInterfaceOrientationPortraitUpsideDown UIInterfaceOrientationLandscapeLeft UIInterfaceOrientationLandscapeRight";
				INFOPLIST_KEY_UISupportedInterfaceOrientations_iPhone = "UIInterfaceOrientationPortrait UIInterfaceOrientationLandscapeLeft UIInterfaceOrientationLandscapeRight";
				LD_RUNPATH_SEARCH_PATHS = (
					"$(inherited)",
					"@executable_path/Frameworks",
				);
				MARKETING_VERSION = 1.0;
				PRODUCT_BUNDLE_IDENTIFIER = sandra.GymondoExercisesList;
				PRODUCT_NAME = "$(TARGET_NAME)";
				SWIFT_EMIT_LOC_STRINGS = YES;
				SWIFT_VERSION = 5.0;
				TARGETED_DEVICE_FAMILY = "1,2";
			};
			name = Debug;
		};
		A88778202884961000A57758 /* Release */ = {
			isa = XCBuildConfiguration;
			buildSettings = {
				ASSETCATALOG_COMPILER_APPICON_NAME = AppIcon;
				ASSETCATALOG_COMPILER_GLOBAL_ACCENT_COLOR_NAME = AccentColor;
				CODE_SIGN_STYLE = Automatic;
				CURRENT_PROJECT_VERSION = 1;
				DEVELOPMENT_TEAM = 4264DKW9FH;
				GENERATE_INFOPLIST_FILE = YES;
				INFOPLIST_FILE = GymondoExercisesList/Info.plist;
				INFOPLIST_KEY_UIApplicationSupportsIndirectInputEvents = YES;
				INFOPLIST_KEY_UILaunchStoryboardName = LaunchScreen;
				INFOPLIST_KEY_UIMainStoryboardFile = Main;
				INFOPLIST_KEY_UISupportedInterfaceOrientations_iPad = "UIInterfaceOrientationPortrait UIInterfaceOrientationPortraitUpsideDown UIInterfaceOrientationLandscapeLeft UIInterfaceOrientationLandscapeRight";
				INFOPLIST_KEY_UISupportedInterfaceOrientations_iPhone = "UIInterfaceOrientationPortrait UIInterfaceOrientationLandscapeLeft UIInterfaceOrientationLandscapeRight";
				LD_RUNPATH_SEARCH_PATHS = (
					"$(inherited)",
					"@executable_path/Frameworks",
				);
				MARKETING_VERSION = 1.0;
				PRODUCT_BUNDLE_IDENTIFIER = sandra.GymondoExercisesList;
				PRODUCT_NAME = "$(TARGET_NAME)";
				SWIFT_EMIT_LOC_STRINGS = YES;
				SWIFT_VERSION = 5.0;
				TARGETED_DEVICE_FAMILY = "1,2";
			};
			name = Release;
		};
/* End XCBuildConfiguration section */

/* Begin XCConfigurationList section */
		A88778052884960D00A57758 /* Build configuration list for PBXProject "GymondoExercisesList" */ = {
			isa = XCConfigurationList;
			buildConfigurations = (
				A887781C2884961000A57758 /* Debug */,
				A887781D2884961000A57758 /* Release */,
			);
			defaultConfigurationIsVisible = 0;
			defaultConfigurationName = Release;
		};
		A887781E2884961000A57758 /* Build configuration list for PBXNativeTarget "GymondoExercisesList" */ = {
			isa = XCConfigurationList;
			buildConfigurations = (
				A887781F2884961000A57758 /* Debug */,
				A88778202884961000A57758 /* Release */,
			);
			defaultConfigurationIsVisible = 0;
			defaultConfigurationName = Release;
		};
/* End XCConfigurationList section */

/* Begin XCRemoteSwiftPackageReference section */
		A887782B2884A47C00A57758 /* XCRemoteSwiftPackageReference "Kingfisher" */ = {
			isa = XCRemoteSwiftPackageReference;
			repositoryURL = "https://github.com/onevcat/Kingfisher.git";
			requirement = {
				kind = upToNextMajorVersion;
				minimumVersion = 7.0.0;
			};
		};
/* End XCRemoteSwiftPackageReference section */

/* Begin XCSwiftPackageProductDependency section */
		A887782C2884A47C00A57758 /* Kingfisher */ = {
			isa = XCSwiftPackageProductDependency;
			package = A887782B2884A47C00A57758 /* XCRemoteSwiftPackageReference "Kingfisher" */;
			productName = Kingfisher;
		};
/* End XCSwiftPackageProductDependency section */
	};
	rootObject = A88778022884960D00A57758 /* Project object */;
}
